{
  "name": "next",
  "lockfileVersion": 2,
  "requires": true,
  "packages": {
    "": {
      "devDependencies": {
        "create-next-app": "^13.1.0"
      }
    },
    "node_modules/create-next-app": {
      "version": "13.1.0",
      "resolved": "https://registry.npmjs.org/create-next-app/-/create-next-app-13.1.0.tgz",
      "integrity": "sha512-yGKPjIOcz7r/B/ohCfHBJF3L/C0moWjwjNZa2h3GFJfdHQAFRIpHZYVE2jZ45d1l1tpyttS5zGE6lXa1bYR0Pg==",
      "dev": true,
      "bin": {
        "create-next-app": "dist/index.js"
      },
      "engines": {
        "node": ">=14.6.0"
      }
    }
  },
  "dependencies": {
    "create-next-app": {
      "version": "13.1.0",
      "resolved": "https://registry.npmjs.org/create-next-app/-/create-next-app-13.1.0.tgz",
      "integrity": "sha512-yGKPjIOcz7r/B/ohCfHBJF3L/C0moWjwjNZa2h3GFJfdHQAFRIpHZYVE2jZ45d1l1tpyttS5zGE6lXa1bYR0Pg==",
      "dev": true
    }
  }
}
